
Microsoft Visual Studio Solution File, Format Version 12.00
# Visual Studio Version 17
VisualStudioVersion = 17.9.34701.34
MinimumVisualStudioVersion = 10.0.40219.1
Project("{FAE04EC0-301F-11D3-BF4B-00C04F79EFBC}") = "HospitalInsurance.WebApi", "WebApi\HospitalInsurance.WebApi.csproj", "{630095FA-C1BD-4BC8-B276-36927CCDD313}"
EndProject
Project("{FAE04EC0-301F-11D3-BF4B-00C04F79EFBC}") = "HospitalInsurance.Enums", "Enums\HospitalInsurance.Enums.csproj", "{ECD5D364-C875-4550-990A-5C105C9B735A}"
EndProject
Project("{FAE04EC0-301F-11D3-BF4B-00C04F79EFBC}") = "HospitalInsurance.Model", "Model\HospitalInsurance.Model.csproj", "{5BB7F686-FCD5-43FC-AEBF-815C47529A9B}"
EndProject
Project("{FAE04EC0-301F-11D3-BF4B-00C04F79EFBC}") = "HospitalInsurance.Utility", "Utility\HospitalInsurance.Utility.csproj", "{A46340EE-1CE5-4B25-8BA0-A2352D40BEC4}"
EndProject
Project("{FAE04EC0-301F-11D3-BF4B-00C04F79EFBC}") = "HospitalInsurance.BLL", "BLL\HospitalInsurance.BLL.csproj", "{FD632311-2F7F-418A-AA51-7EC2178434E5}"
EndProject
Project("{FAE04EC0-301F-11D3-BF4B-00C04F79EFBC}") = "HospitalInsurance.Entity", "Entity\HospitalInsurance.Entity.csproj", "{94E18342-7B77-4433-B77C-A4FF7F5B2072}"
EndProject
Global
	GlobalSection(SolutionConfigurationPlatforms) = preSolution
		Debug|Any CPU = Debug|Any CPU
		Release|Any CPU = Release|Any CPU
	EndGlobalSection
	GlobalSection(ProjectConfigurationPlatforms) = postSolution
		{630095FA-C1BD-4BC8-B276-36927CCDD313}.Debug|Any CPU.ActiveCfg = Debug|Any CPU
		{630095FA-C1BD-4BC8-B276-36927CCDD313}.Debug|Any CPU.Build.0 = Debug|Any CPU
		{630095FA-C1BD-4BC8-B276-36927CCDD313}.Release|Any CPU.ActiveCfg = Release|Any CPU
		{630095FA-C1BD-4BC8-B276-36927CCDD313}.Release|Any CPU.Build.0 = Release|Any CPU
		{ECD5D364-C875-4550-990A-5C105C9B735A}.Debug|Any CPU.ActiveCfg = Debug|Any CPU
		{ECD5D364-C875-4550-990A-5C105C9B735A}.Debug|Any CPU.Build.0 = Debug|Any CPU
		{ECD5D364-C875-4550-990A-5C105C9B735A}.Release|Any CPU.ActiveCfg = Release|Any CPU
		{ECD5D364-C875-4550-990A-5C105C9B735A}.Release|Any CPU.Build.0 = Release|Any CPU
		{5BB7F686-FCD5-43FC-AEBF-815C47529A9B}.Debug|Any CPU.ActiveCfg = Debug|Any CPU
		{5BB7F686-FCD5-43FC-AEBF-815C47529A9B}.Debug|Any CPU.Build.0 = Debug|Any CPU
		{5BB7F686-FCD5-43FC-AEBF-815C47529A9B}.Release|Any CPU.ActiveCfg = Release|Any CPU
		{5BB7F686-FCD5-43FC-AEBF-815C47529A9B}.Release|Any CPU.Build.0 = Release|Any CPU
		{A46340EE-1CE5-4B25-8BA0-A2352D40BEC4}.Debug|Any CPU.ActiveCfg = Debug|Any CPU
		{A46340EE-1CE5-4B25-8BA0-A2352D40BEC4}.Debug|Any CPU.Build.0 = Debug|Any CPU
		{A46340EE-1CE5-4B25-8BA0-A2352D40BEC4}.Release|Any CPU.ActiveCfg = Release|Any CPU
		{A46340EE-1CE5-4B25-8BA0-A2352D40BEC4}.Release|Any CPU.Build.0 = Release|Any CPU
		{FD632311-2F7F-418A-AA51-7EC2178434E5}.Debug|Any CPU.ActiveCfg = Debug|Any CPU
		{FD632311-2F7F-418A-AA51-7EC2178434E5}.Debug|Any CPU.Build.0 = Debug|Any CPU
		{FD632311-2F7F-418A-AA51-7EC2178434E5}.Release|Any CPU.ActiveCfg = Release|Any CPU
		{FD632311-2F7F-418A-AA51-7EC2178434E5}.Release|Any CPU.Build.0 = Release|Any CPU
		{94E18342-7B77-4433-B77C-A4FF7F5B2072}.Debug|Any CPU.ActiveCfg = Debug|Any CPU
		{94E18342-7B77-4433-B77C-A4FF7F5B2072}.Debug|Any CPU.Build.0 = Debug|Any CPU
		{94E18342-7B77-4433-B77C-A4FF7F5B2072}.Release|Any CPU.ActiveCfg = Release|Any CPU
		{94E18342-7B77-4433-B77C-A4FF7F5B2072}.Release|Any CPU.Build.0 = Release|Any CPU
	EndGlobalSection
	GlobalSection(SolutionProperties) = preSolution
		HideSolutionNode = FALSE
	EndGlobalSection
	GlobalSection(ExtensibilityGlobals) = postSolution
		SolutionGuid = {6E1AEDA0-9B9C-49F6-A51E-C166EB738C2D}
	EndGlobalSection
EndGlobal
